
Microsoft Visual Studio Solution File, Format Version 11.00
# Visual Studio 2010
Project("{FAE04EC0-301F-11D3-BF4B-00C04F79EFBC}") = "Puzzle League MAYHEM", "Puzzle League MAYHEM\Puzzle League MAYHEM\Puzzle League MAYHEM.csproj", "{339CE3BF-C4C9-4AE9-9E79-97C6AEDE7BBB}"
EndProject
Project("{96E2B04D-8817-42C6-938A-82C39BA4D311}") = "Puzzle League MAYHEMContent", "Puzzle League MAYHEM\Puzzle League MAYHEMContent\Puzzle League MAYHEMContent.contentproj", "{A2E7641D-877A-4C09-987B-25B785AF32DF}"
EndProject
Global
	GlobalSection(SolutionConfigurationPlatforms) = preSolution
		Debug|x86 = Debug|x86
		Release|x86 = Release|x86
	EndGlobalSection
	GlobalSection(ProjectConfigurationPlatforms) = postSolution
		{339CE3BF-C4C9-4AE9-9E79-97C6AEDE7BBB}.Debug|x86.ActiveCfg = Debug|x86
		{339CE3BF-C4C9-4AE9-9E79-97C6AEDE7BBB}.Debug|x86.Build.0 = Debug|x86
		{339CE3BF-C4C9-4AE9-9E79-97C6AEDE7BBB}.Release|x86.ActiveCfg = Release|x86
		{339CE3BF-C4C9-4AE9-9E79-97C6AEDE7BBB}.Release|x86.Build.0 = Release|x86
		{A2E7641D-877A-4C09-987B-25B785AF32DF}.Debug|x86.ActiveCfg = Debug|x86
		{A2E7641D-877A-4C09-987B-25B785AF32DF}.Release|x86.ActiveCfg = Release|x86
	EndGlobalSection
	GlobalSection(SolutionProperties) = preSolution
		HideSolutionNode = FALSE
	EndGlobalSection
EndGlobal
